
Microsoft Visual Studio Solution File, Format Version 12.00
# Visual Studio Version 16
VisualStudioVersion = 16.0.30517.126
MinimumVisualStudioVersion = 10.0.40219.1
Project("{FAE04EC0-301F-11D3-BF4B-00C04F79EFBC}") = "Assignment1", "Assignment1\Assignment1.csproj", "{FD00752E-8F76-4482-80B1-DC632D03AE3F}"
EndProject
Project("{FAE04EC0-301F-11D3-BF4B-00C04F79EFBC}") = "Assignment2", "Assignment2\Assignment2.csproj", "{3DDA5998-06F0-4146-97E0-58210C74ABDB}"
EndProject
Project("{FAE04EC0-301F-11D3-BF4B-00C04F79EFBC}") = "Assignment3", "Assignment3\Assignment3.csproj", "{9C7B5232-6557-4B65-8654-0747EE94FFD2}"
EndProject
Project("{FAE04EC0-301F-11D3-BF4B-00C04F79EFBC}") = "Assignment4", "Assignment4\Assignment4.csproj", "{1473866C-8D3D-4A15-9510-2DE026AAA3B7}"
EndProject
Project("{FAE04EC0-301F-11D3-BF4B-00C04F79EFBC}") = "Assignment5", "Assignment5\Assignment5.csproj", "{BB988FF3-83D3-43F3-9D38-FD32480B7466}"
EndProject
Project("{FAE04EC0-301F-11D3-BF4B-00C04F79EFBC}") = "Assignment6", "Assignment6\Assignment6.csproj", "{83EF20B9-ECFD-44C8-B78F-79CC0336FB83}"
EndProject
Global
	GlobalSection(SolutionConfigurationPlatforms) = preSolution
		Debug|Any CPU = Debug|Any CPU
		Release|Any CPU = Release|Any CPU
	EndGlobalSection
	GlobalSection(ProjectConfigurationPlatforms) = postSolution
		{FD00752E-8F76-4482-80B1-DC632D03AE3F}.Debug|Any CPU.ActiveCfg = Debug|Any CPU
		{FD00752E-8F76-4482-80B1-DC632D03AE3F}.Debug|Any CPU.Build.0 = Debug|Any CPU
		{FD00752E-8F76-4482-80B1-DC632D03AE3F}.Release|Any CPU.ActiveCfg = Release|Any CPU
		{FD00752E-8F76-4482-80B1-DC632D03AE3F}.Release|Any CPU.Build.0 = Release|Any CPU
		{3DDA5998-06F0-4146-97E0-58210C74ABDB}.Debug|Any CPU.ActiveCfg = Debug|Any CPU
		{3DDA5998-06F0-4146-97E0-58210C74ABDB}.Debug|Any CPU.Build.0 = Debug|Any CPU
		{3DDA5998-06F0-4146-97E0-58210C74ABDB}.Release|Any CPU.ActiveCfg = Release|Any CPU
		{3DDA5998-06F0-4146-97E0-58210C74ABDB}.Release|Any CPU.Build.0 = Release|Any CPU
		{9C7B5232-6557-4B65-8654-0747EE94FFD2}.Debug|Any CPU.ActiveCfg = Debug|Any CPU
		{9C7B5232-6557-4B65-8654-0747EE94FFD2}.Debug|Any CPU.Build.0 = Debug|Any CPU
		{9C7B5232-6557-4B65-8654-0747EE94FFD2}.Release|Any CPU.ActiveCfg = Release|Any CPU
		{9C7B5232-6557-4B65-8654-0747EE94FFD2}.Release|Any CPU.Build.0 = Release|Any CPU
		{1473866C-8D3D-4A15-9510-2DE026AAA3B7}.Debug|Any CPU.ActiveCfg = Debug|Any CPU
		{1473866C-8D3D-4A15-9510-2DE026AAA3B7}.Debug|Any CPU.Build.0 = Debug|Any CPU
		{1473866C-8D3D-4A15-9510-2DE026AAA3B7}.Release|Any CPU.ActiveCfg = Release|Any CPU
		{1473866C-8D3D-4A15-9510-2DE026AAA3B7}.Release|Any CPU.Build.0 = Release|Any CPU
		{BB988FF3-83D3-43F3-9D38-FD32480B7466}.Debug|Any CPU.ActiveCfg = Debug|Any CPU
		{BB988FF3-83D3-43F3-9D38-FD32480B7466}.Debug|Any CPU.Build.0 = Debug|Any CPU
		{BB988FF3-83D3-43F3-9D38-FD32480B7466}.Release|Any CPU.ActiveCfg = Release|Any CPU
		{BB988FF3-83D3-43F3-9D38-FD32480B7466}.Release|Any CPU.Build.0 = Release|Any CPU
		{83EF20B9-ECFD-44C8-B78F-79CC0336FB83}.Debug|Any CPU.ActiveCfg = Debug|Any CPU
		{83EF20B9-ECFD-44C8-B78F-79CC0336FB83}.Debug|Any CPU.Build.0 = Debug|Any CPU
		{83EF20B9-ECFD-44C8-B78F-79CC0336FB83}.Release|Any CPU.ActiveCfg = Release|Any CPU
		{83EF20B9-ECFD-44C8-B78F-79CC0336FB83}.Release|Any CPU.Build.0 = Release|Any CPU
	EndGlobalSection
	GlobalSection(SolutionProperties) = preSolution
		HideSolutionNode = FALSE
	EndGlobalSection
	GlobalSection(ExtensibilityGlobals) = postSolution
		SolutionGuid = {523F56C7-4631-4F1B-9F88-DC7031F7BC29}
	EndGlobalSection
EndGlobal
