
Microsoft Visual Studio Solution File, Format Version 12.00
# Visual Studio Version 16
VisualStudioVersion = 16.0.30517.126
MinimumVisualStudioVersion = 10.0.40219.1
Project("{FAE04EC0-301F-11D3-BF4B-00C04F79EFBC}") = "Assignment1", "Assignment1\Assignment1.csproj", "{CFD11DD2-38E5-4C99-9028-294168E56288}"
EndProject
Project("{FAE04EC0-301F-11D3-BF4B-00C04F79EFBC}") = "Assignment2", "Assignment2\Assignment2.csproj", "{4B885F08-B8B5-43D4-A26D-55D02C8C11D9}"
EndProject
Project("{FAE04EC0-301F-11D3-BF4B-00C04F79EFBC}") = "Assignment3", "Assignment3\Assignment3.csproj", "{8B8E1842-23DC-4D62-AC8E-0B2E263F51B2}"
EndProject
Global
	GlobalSection(SolutionConfigurationPlatforms) = preSolution
		Debug|Any CPU = Debug|Any CPU
		Release|Any CPU = Release|Any CPU
	EndGlobalSection
	GlobalSection(ProjectConfigurationPlatforms) = postSolution
		{CFD11DD2-38E5-4C99-9028-294168E56288}.Debug|Any CPU.ActiveCfg = Debug|Any CPU
		{CFD11DD2-38E5-4C99-9028-294168E56288}.Debug|Any CPU.Build.0 = Debug|Any CPU
		{CFD11DD2-38E5-4C99-9028-294168E56288}.Release|Any CPU.ActiveCfg = Release|Any CPU
		{CFD11DD2-38E5-4C99-9028-294168E56288}.Release|Any CPU.Build.0 = Release|Any CPU
		{4B885F08-B8B5-43D4-A26D-55D02C8C11D9}.Debug|Any CPU.ActiveCfg = Debug|Any CPU
		{4B885F08-B8B5-43D4-A26D-55D02C8C11D9}.Debug|Any CPU.Build.0 = Debug|Any CPU
		{4B885F08-B8B5-43D4-A26D-55D02C8C11D9}.Release|Any CPU.ActiveCfg = Release|Any CPU
		{4B885F08-B8B5-43D4-A26D-55D02C8C11D9}.Release|Any CPU.Build.0 = Release|Any CPU
		{8B8E1842-23DC-4D62-AC8E-0B2E263F51B2}.Debug|Any CPU.ActiveCfg = Debug|Any CPU
		{8B8E1842-23DC-4D62-AC8E-0B2E263F51B2}.Debug|Any CPU.Build.0 = Debug|Any CPU
		{8B8E1842-23DC-4D62-AC8E-0B2E263F51B2}.Release|Any CPU.ActiveCfg = Release|Any CPU
		{8B8E1842-23DC-4D62-AC8E-0B2E263F51B2}.Release|Any CPU.Build.0 = Release|Any CPU
	EndGlobalSection
	GlobalSection(SolutionProperties) = preSolution
		HideSolutionNode = FALSE
	EndGlobalSection
	GlobalSection(ExtensibilityGlobals) = postSolution
		SolutionGuid = {76742A35-7717-4055-ACB0-A0F49A892612}
	EndGlobalSection
EndGlobal
